
Microsoft Visual Studio Solution File, Format Version 12.00
# Visual Studio Version 17
VisualStudioVersion = 17.2.32630.192
MinimumVisualStudioVersion = 10.0.40219.1
Project("{9A19103F-16F7-4668-BE54-9A1E7A4F7556}") = "TritonTranslator", "TritonTranslator\TritonTranslator.csproj", "{F0684042-D661-4F30-8371-BA9BE67A4F9F}"
EndProject
Project("{9A19103F-16F7-4668-BE54-9A1E7A4F7556}") = "TritonTranslator.Examples", "TritonTranslator.Examples\TritonTranslator.Examples.csproj", "{199EC0F4-9FEB-43C3-BC0A-8F82D95E7C2D}"
EndProject
Global
	GlobalSection(SolutionConfigurationPlatforms) = preSolution
		Debug|Any CPU = Debug|Any CPU
		Debug|x64 = Debug|x64
		Release|Any CPU = Release|Any CPU
		Release|x64 = Release|x64
	EndGlobalSection
	GlobalSection(ProjectConfigurationPlatforms) = postSolution
		{F0684042-D661-4F30-8371-BA9BE67A4F9F}.Debug|Any CPU.ActiveCfg = Debug|Any CPU
		{F0684042-D661-4F30-8371-BA9BE67A4F9F}.Debug|Any CPU.Build.0 = Debug|Any CPU
		{F0684042-D661-4F30-8371-BA9BE67A4F9F}.Debug|x64.ActiveCfg = Debug|Any CPU
		{F0684042-D661-4F30-8371-BA9BE67A4F9F}.Debug|x64.Build.0 = Debug|Any CPU
		{F0684042-D661-4F30-8371-BA9BE67A4F9F}.Release|Any CPU.ActiveCfg = Release|Any CPU
		{F0684042-D661-4F30-8371-BA9BE67A4F9F}.Release|Any CPU.Build.0 = Release|Any CPU
		{F0684042-D661-4F30-8371-BA9BE67A4F9F}.Release|x64.ActiveCfg = Release|Any CPU
		{F0684042-D661-4F30-8371-BA9BE67A4F9F}.Release|x64.Build.0 = Release|Any CPU
		{199EC0F4-9FEB-43C3-BC0A-8F82D95E7C2D}.Debug|Any CPU.ActiveCfg = Debug|Any CPU
		{199EC0F4-9FEB-43C3-BC0A-8F82D95E7C2D}.Debug|Any CPU.Build.0 = Debug|Any CPU
		{199EC0F4-9FEB-43C3-BC0A-8F82D95E7C2D}.Debug|x64.ActiveCfg = Debug|Any CPU
		{199EC0F4-9FEB-43C3-BC0A-8F82D95E7C2D}.Debug|x64.Build.0 = Debug|Any CPU
		{199EC0F4-9FEB-43C3-BC0A-8F82D95E7C2D}.Release|Any CPU.ActiveCfg = Release|Any CPU
		{199EC0F4-9FEB-43C3-BC0A-8F82D95E7C2D}.Release|Any CPU.Build.0 = Release|Any CPU
		{199EC0F4-9FEB-43C3-BC0A-8F82D95E7C2D}.Release|x64.ActiveCfg = Release|Any CPU
		{199EC0F4-9FEB-43C3-BC0A-8F82D95E7C2D}.Release|x64.Build.0 = Release|Any CPU
	EndGlobalSection
	GlobalSection(SolutionProperties) = preSolution
		HideSolutionNode = FALSE
	EndGlobalSection
	GlobalSection(ExtensibilityGlobals) = postSolution
		SolutionGuid = {9159A2BC-B501-464C-AFFC-878E2CE172C7}
	EndGlobalSection
EndGlobal
